
Microsoft Visual Studio Solution File, Format Version 12.00
# Visual Studio Version 16
VisualStudioVersion = 16.0.29424.173
MinimumVisualStudioVersion = 10.0.40219.1
Project("{FAE04EC0-301F-11D3-BF4B-00C04F79EFBC}") = "keyboard_service", "keyboard_service.csproj", "{ECBB7FDE-331C-4CD4-BE36-A33AC76FA0F1}"
EndProject
Global
	GlobalSection(SolutionConfigurationPlatforms) = preSolution
		Debug|Any CPU = Debug|Any CPU
		Release|Any CPU = Release|Any CPU
	EndGlobalSection
	GlobalSection(ProjectConfigurationPlatforms) = postSolution
		{ECBB7FDE-331C-4CD4-BE36-A33AC76FA0F1}.Debug|Any CPU.ActiveCfg = Debug|Any CPU
		{ECBB7FDE-331C-4CD4-BE36-A33AC76FA0F1}.Debug|Any CPU.Build.0 = Debug|Any CPU
		{ECBB7FDE-331C-4CD4-BE36-A33AC76FA0F1}.Release|Any CPU.ActiveCfg = Release|Any CPU
		{ECBB7FDE-331C-4CD4-BE36-A33AC76FA0F1}.Release|Any CPU.Build.0 = Release|Any CPU
	EndGlobalSection
	GlobalSection(SolutionProperties) = preSolution
		HideSolutionNode = FALSE
	EndGlobalSection
	GlobalSection(ExtensibilityGlobals) = postSolution
		SolutionGuid = {EC6D56ED-7CD4-4FD7-8A35-FD6C0501A6AD}
	EndGlobalSection
EndGlobal
